
Microsoft Visual Studio Solution File, Format Version 12.00
# Visual Studio 14
VisualStudioVersion = 14.0.25420.1
MinimumVisualStudioVersion = 10.0.40219.1
Project("{FAE04EC0-301F-11D3-BF4B-00C04F79EFBC}") = "Auto.NuGetServer", "Auto.NuGetServer\Auto.NuGetServer.csproj", "{4A8616BA-BEDB-4A51-90EA-D2D8F339C202}"
EndProject
Project("{2150E333-8FDC-42A3-9474-1A3956D46DE8}") = "Solution Items", "Solution Items", "{C13ACD8B-DA5B-4EFC-A1E6-E2884C0CBD0C}"
	ProjectSection(SolutionItems) = preProject
		C:\Users\Administrator\Desktop\20160902130406.png = C:\Users\Administrator\Desktop\20160902130406.png
		C:\Users\Administrator\Desktop\20160902130509.png = C:\Users\Administrator\Desktop\20160902130509.png
		readme.md = readme.md
	EndProjectSection
EndProject
Project("{FAE04EC0-301F-11D3-BF4B-00C04F79EFBC}") = "Auto.NuGetServer.Test.Component", "Auto.NuGetServer.Test.Component\Auto.NuGetServer.Test.Component.csproj", "{37D986DF-3652-4B97-81AC-CB65D50FC885}"
EndProject
Project("{FAE04EC0-301F-11D3-BF4B-00C04F79EFBC}") = "Auto.NuGetServer.Test.Console", "Auto.NuGetServer.Test.Console\Auto.NuGetServer.Test.Console.csproj", "{4FE3FE02-4D78-48F5-AD2D-B991C8211CD7}"
EndProject
Global
	GlobalSection(SolutionConfigurationPlatforms) = preSolution
		Debug|Any CPU = Debug|Any CPU
		Release|Any CPU = Release|Any CPU
	EndGlobalSection
	GlobalSection(ProjectConfigurationPlatforms) = postSolution
		{4A8616BA-BEDB-4A51-90EA-D2D8F339C202}.Debug|Any CPU.ActiveCfg = Debug|Any CPU
		{4A8616BA-BEDB-4A51-90EA-D2D8F339C202}.Debug|Any CPU.Build.0 = Debug|Any CPU
		{4A8616BA-BEDB-4A51-90EA-D2D8F339C202}.Release|Any CPU.ActiveCfg = Release|Any CPU
		{4A8616BA-BEDB-4A51-90EA-D2D8F339C202}.Release|Any CPU.Build.0 = Release|Any CPU
		{37D986DF-3652-4B97-81AC-CB65D50FC885}.Debug|Any CPU.ActiveCfg = Debug|Any CPU
		{37D986DF-3652-4B97-81AC-CB65D50FC885}.Debug|Any CPU.Build.0 = Debug|Any CPU
		{37D986DF-3652-4B97-81AC-CB65D50FC885}.Release|Any CPU.ActiveCfg = Release|Any CPU
		{37D986DF-3652-4B97-81AC-CB65D50FC885}.Release|Any CPU.Build.0 = Release|Any CPU
		{4FE3FE02-4D78-48F5-AD2D-B991C8211CD7}.Debug|Any CPU.ActiveCfg = Debug|Any CPU
		{4FE3FE02-4D78-48F5-AD2D-B991C8211CD7}.Debug|Any CPU.Build.0 = Debug|Any CPU
		{4FE3FE02-4D78-48F5-AD2D-B991C8211CD7}.Release|Any CPU.ActiveCfg = Release|Any CPU
		{4FE3FE02-4D78-48F5-AD2D-B991C8211CD7}.Release|Any CPU.Build.0 = Release|Any CPU
	EndGlobalSection
	GlobalSection(SolutionProperties) = preSolution
		HideSolutionNode = FALSE
	EndGlobalSection
EndGlobal
